
Microsoft Visual Studio Solution File, Format Version 12.00
# Visual Studio Version 17
VisualStudioVersion = 17.1.32421.90
MinimumVisualStudioVersion = 10.0.40219.1
Project("{FAE04EC0-301F-11D3-BF4B-00C04F79EFBC}") = "Notepad", "Notepad.csproj", "{0A1EAE7B-FC38-420B-B3FE-A295394B4223}"
EndProject
Global
	GlobalSection(SolutionConfigurationPlatforms) = preSolution
		Debug|Any CPU = Debug|Any CPU
		Release|Any CPU = Release|Any CPU
	EndGlobalSection
	GlobalSection(ProjectConfigurationPlatforms) = postSolution
		{0A1EAE7B-FC38-420B-B3FE-A295394B4223}.Debug|Any CPU.ActiveCfg = Debug|Any CPU
		{0A1EAE7B-FC38-420B-B3FE-A295394B4223}.Debug|Any CPU.Build.0 = Debug|Any CPU
		{0A1EAE7B-FC38-420B-B3FE-A295394B4223}.Release|Any CPU.ActiveCfg = Release|Any CPU
		{0A1EAE7B-FC38-420B-B3FE-A295394B4223}.Release|Any CPU.Build.0 = Release|Any CPU
	EndGlobalSection
	GlobalSection(SolutionProperties) = preSolution
		HideSolutionNode = FALSE
	EndGlobalSection
	GlobalSection(ExtensibilityGlobals) = postSolution
		SolutionGuid = {BEC9B9C2-CDC5-4B88-9A86-4310BA9012D7}
	EndGlobalSection
EndGlobal
